{
    "_readme": [
        "This file locks the dependencies of your project to a known state",
        "Read more about it at https://getcomposer.org/doc/01-basic-usage.md#installing-dependencies",
        "This file is @generated automatically"
    ],
    "content-hash": "df96292ec698a7cb0098eaa15035fa29",
    "packages": [
        {
            "name": "bedrox/bedrox",
            "version": "dev-master",
            "source": {
                "type": "git",
                "url": "https://github.com/leslypetrimaux/bedrox.git",
                "reference": "9307140984cd661e3841211b5c68a2b43778db33"
            },
            "dist": {
                "type": "zip",
                "url": "https://api.github.com/repos/leslypetrimaux/bedrox/zipball/9307140984cd661e3841211b5c68a2b43778db33",
                "reference": "9307140984cd661e3841211b5c68a2b43778db33",
                "shasum": ""
            },
            "require": {
                "ext-dom": "*",
                "ext-json": "*",
                "ext-libxml": "*",
                "ext-pdo": "*",
                "ext-simplexml": "*",
                "php": ">=7.3"
            },
            "type": "library",
            "autoload": {
                "psr-4": {
                    "Bedrox\\": "src/"
                }
            },
            "notification-url": "https://packagist.org/downloads/",
            "authors": [
                {
                    "name": "Leslie",
                    "email": "leslypetrimaux@gmail.com"
                }
            ],
            "description": "Framework indépendant développer pour une utilisation en tant qu'API. Le projet pourra renvoyer des retours dans différents langages : JSON, XML, HTML, etc...",
            "time": "2019-02-17T03:07:37+00:00"
        }
    ],
    "packages-dev": [],
    "aliases": [],
    "minimum-stability": "dev",
    "stability-flags": {
        "bedrox/bedrox": 20
    },
    "prefer-stable": true,
    "prefer-lowest": false,
    "platform": [],
    "platform-dev": []
}
