{
    "_readme": [
        "This file locks the dependencies of your project to a known state",
        "Read more about it at https://getcomposer.org/doc/01-basic-usage.md#installing-dependencies",
        "This file is @generated automatically"
    ],
    "content-hash": "eb0d0d8219751d4c072e7f8d5ed7d747",
    "packages": [
        {
            "name": "bedrox/bedrox",
            "version": "0.1.0",
            "source": {
                "type": "git",
                "url": "https://github.com/leslypetrimaux/bedrox.git",
                "reference": "2569eec6a998044a861b7a9161c151eb45d7df6f"
            },
            "dist": {
                "type": "zip",
                "url": "https://api.github.com/repos/leslypetrimaux/bedrox/zipball/2569eec6a998044a861b7a9161c151eb45d7df6f",
                "reference": "2569eec6a998044a861b7a9161c151eb45d7df6f",
                "shasum": ""
            },
            "require": {
                "ext-dom": "*",
                "ext-json": "*",
                "ext-libxml": "*",
                "ext-pdo": "*",
                "ext-simplexml": "*",
                "php": ">=7.3"
            },
            "type": "library",
            "autoload": {
                "psr-4": {
                    "Bedrox\\": "src/"
                }
            },
            "notification-url": "https://packagist.org/downloads/",
            "authors": [
                {
                    "name": "Leslie",
                    "email": "leslypetrimaux@gmail.com"
                }
            ],
            "description": "Framework PHP",
            "time": "2019-02-08T23:10:39+00:00"
        }
    ],
    "packages-dev": [],
    "aliases": [],
    "minimum-stability": "stable",
    "stability-flags": [],
    "prefer-stable": false,
    "prefer-lowest": false,
    "platform": [],
    "platform-dev": []
}
